{
  "requires": true,
  "lockfileVersion": 1,
  "dependencies": {
    "hoist-non-react-statics": {
      "version": "2.5.5",
      "resolved": "https://registry.npmjs.org/hoist-non-react-statics/-/hoist-non-react-statics-2.5.5.tgz",
      "integrity": "sha512-rqcy4pJo55FTTLWt+bU8ukscqHeE/e9KWvsOW2b/a3afxQZhwkQdT1rPPCJ0rYXdj4vNcasY8zHTH+jF/qStxw=="
    },
    "lodash": {
      "version": "4.17.20",
      "resolved": "https://registry.npmjs.org/lodash/-/lodash-4.17.20.tgz",
      "integrity": "sha512-PlhdFcillOINfeV7Ni6oF1TAEayyZBoZ8bcshTHqOYJYlrqzRK5hagpagky5o4HfCzzd1TRkXPMFq6cKk9rGmA=="
    },
    "object-unfreeze": {
      "version": "1.1.0",
      "resolved": "https://registry.npmjs.org/object-unfreeze/-/object-unfreeze-1.1.0.tgz",
      "integrity": "sha1-aWKL6h88nSn06wumOzgALXDqPOk="
    },
    "react-css-modules": {
      "version": "4.7.11",
      "resolved": "https://registry.npmjs.org/react-css-modules/-/react-css-modules-4.7.11.tgz",
      "integrity": "sha512-ke/zMcBKQyq7x4I5CREzeA/cZSg7MW/Kx23L1OICd+PXKNq++fMdAJDeDLFYkDY28TwuAHpwsKxDYEVjpEMkmQ==",
      "requires": {
        "hoist-non-react-statics": "^2.5.5",
        "lodash": "^4.16.6",
        "object-unfreeze": "^1.1.0"
      }
    }
  }
}
