# THIS IS AN AUTOGENERATED FILE. DO NOT EDIT THIS FILE DIRECTLY.
# yarn lockfile v1


hoist-non-react-statics@^2.5.5:
  version "2.5.5"
  resolved "https://registry.yarnpkg.com/hoist-non-react-statics/-/hoist-non-react-statics-2.5.5.tgz#c5903cf409c0dfd908f388e619d86b9c1174cb47"
  integrity sha512-rqcy4pJo55FTTLWt+bU8ukscqHeE/e9KWvsOW2b/a3afxQZhwkQdT1rPPCJ0rYXdj4vNcasY8zHTH+jF/qStxw==

lodash@^4.16.6:
  version "4.17.20"
  resolved "https://registry.yarnpkg.com/lodash/-/lodash-4.17.20.tgz#b44a9b6297bcb698f1c51a3545a2b3b368d59c52"
  integrity sha512-PlhdFcillOINfeV7Ni6oF1TAEayyZBoZ8bcshTHqOYJYlrqzRK5hagpagky5o4HfCzzd1TRkXPMFq6cKk9rGmA==

object-unfreeze@^1.1.0:
  version "1.1.0"
  resolved "https://registry.yarnpkg.com/object-unfreeze/-/object-unfreeze-1.1.0.tgz#69628bea1f3c9d29f4eb0ba63b38002d70ea3ce9"
  integrity sha1-aWKL6h88nSn06wumOzgALXDqPOk=

react-css-modules@^4.7.11:
  version "4.7.11"
  resolved "https://registry.yarnpkg.com/react-css-modules/-/react-css-modules-4.7.11.tgz#e9bc7ac6e3dd7e71c8e46e9d22c1d0abb2110682"
  integrity sha512-ke/zMcBKQyq7x4I5CREzeA/cZSg7MW/Kx23L1OICd+PXKNq++fMdAJDeDLFYkDY28TwuAHpwsKxDYEVjpEMkmQ==
  dependencies:
    hoist-non-react-statics "^2.5.5"
    lodash "^4.16.6"
    object-unfreeze "^1.1.0"
